// !$*UTF8*$!
{
	archiveVersion = 1;
	classes = {
	};
	objectVersion = 46;
	objects = {

/* Begin PBXBuildFile section */
		AA00000000000000000000B1 /* plugin_geometry2d.cpp in Sources */ = {isa = PBXBuildFile; fileRef = AA00000000000000000000A1 /* plugin_geometry2d.cpp */; };
		AA00000000000000000000B2 /* polypartition.cpp in Sources */ = {isa = PBXBuildFile; fileRef = AA00000000000000000000A2 /* polypartition.cpp */; };
		AA00000000000000000000B4 /* fringe.cpp in Sources */ = {isa = PBXBuildFile; fileRef = AA00000000000000000000A4 /* fringe.cpp */; };
		AA00000000000000000000B5 /* geometry2d_lua.cpp in Sources */ = {isa = PBXBuildFile; fileRef = AA00000000000000000000A5 /* geometry2d_lua.cpp */; };
		AA00000000000000000000B6 /* corona_buffer.cpp in Sources */ = {isa = PBXBuildFile; fileRef = AA00000000000000000000A6 /* corona_buffer.cpp */; };
		AA00000000000000000000B7 /* mesh_result.cpp in Sources */ = {isa = PBXBuildFile; fileRef = AA00000000000000000000A7 /* mesh_result.cpp */; };
		AA00000000000000000000B8 /* mesh_builder.cpp in Sources */ = {isa = PBXBuildFile; fileRef = AA00000000000000000000A8 /* mesh_builder.cpp */; };
		AA00000000000000000000B9 /* polypartition_module.cpp in Sources */ = {isa = PBXBuildFile; fileRef = AA00000000000000000000A9 /* polypartition_module.cpp */; };
		AA00000000000000000000BA /* earcut_module.cpp in Sources */ = {isa = PBXBuildFile; fileRef = AA00000000000000000000AA /* earcut_module.cpp */; };
		AA00000000000000000000BB /* mesh_module.cpp in Sources */ = {isa = PBXBuildFile; fileRef = AA00000000000000000000AB /* mesh_module.cpp */; };
		AA00000000000000000000BC /* bezier_path.cpp in Sources */ = {isa = PBXBuildFile; fileRef = AA00000000000000000000AC /* bezier_path.cpp */; };
		AA00000000000000000000BD /* retained_shape.cpp in Sources */ = {isa = PBXBuildFile; fileRef = AA00000000000000000000AD /* retained_shape.cpp */; };
		AA1111111111111111111101 /* clipper2_bridge.cpp in Sources */ = {isa = PBXBuildFile; fileRef = AA1111111111111111111111 /* clipper2_bridge.cpp */; };
		AA1111111111111111111102 /* clipper2_module.cpp in Sources */ = {isa = PBXBuildFile; fileRef = AA1111111111111111111112 /* clipper2_module.cpp */; };
		AA1111111111111111111103 /* clipper.engine.cpp in Sources */ = {isa = PBXBuildFile; fileRef = AA1111111111111111111113 /* clipper.engine.cpp */; };
		AA1111111111111111111104 /* clipper.offset.cpp in Sources */ = {isa = PBXBuildFile; fileRef = AA1111111111111111111114 /* clipper.offset.cpp */; };
		AA1111111111111111111105 /* clipper.rectclip.cpp in Sources */ = {isa = PBXBuildFile; fileRef = AA1111111111111111111115 /* clipper.rectclip.cpp */; };
		AA1111111111111111111106 /* ribbon_builder.cpp in Sources */ = {isa = PBXBuildFile; fileRef = AA1111111111111111111116 /* ribbon_builder.cpp */; };
		AA1111111111111111111107 /* ribbon_module.cpp in Sources */ = {isa = PBXBuildFile; fileRef = AA1111111111111111111117 /* ribbon_module.cpp */; };
/* End PBXBuildFile section */

/* Begin PBXFileReference section */
		AA00000000000000000000A1 /* plugin_geometry2d.cpp */ = {isa = PBXFileReference; lastKnownFileType = sourcecode.cpp.cpp; name = plugin_geometry2d.cpp; path = ../shared/plugin_geometry2d.cpp; sourceTree = SOURCE_ROOT; };
		AA00000000000000000000A2 /* polypartition.cpp */ = {isa = PBXFileReference; lastKnownFileType = sourcecode.cpp.cpp; name = polypartition.cpp; path = ../../third_party/polypartition/src/polypartition.cpp; sourceTree = SOURCE_ROOT; };
		AA00000000000000000000A4 /* fringe.cpp */ = {isa = PBXFileReference; lastKnownFileType = sourcecode.cpp.cpp; name = fringe.cpp; path = ../shared/fringe.cpp; sourceTree = SOURCE_ROOT; };
		AA00000000000000000000A5 /* geometry2d_lua.cpp */ = {isa = PBXFileReference; lastKnownFileType = sourcecode.cpp.cpp; name = geometry2d_lua.cpp; path = ../shared/geometry2d_lua.cpp; sourceTree = SOURCE_ROOT; };
		AA00000000000000000000A6 /* corona_buffer.cpp */ = {isa = PBXFileReference; lastKnownFileType = sourcecode.cpp.cpp; name = corona_buffer.cpp; path = ../shared/corona_buffer.cpp; sourceTree = SOURCE_ROOT; };
		AA00000000000000000000A7 /* mesh_result.cpp */ = {isa = PBXFileReference; lastKnownFileType = sourcecode.cpp.cpp; name = mesh_result.cpp; path = ../shared/mesh_result.cpp; sourceTree = SOURCE_ROOT; };
		AA00000000000000000000A8 /* mesh_builder.cpp */ = {isa = PBXFileReference; lastKnownFileType = sourcecode.cpp.cpp; name = mesh_builder.cpp; path = ../shared/mesh_builder.cpp; sourceTree = SOURCE_ROOT; };
		AA00000000000000000000A9 /* polypartition_module.cpp */ = {isa = PBXFileReference; lastKnownFileType = sourcecode.cpp.cpp; name = polypartition_module.cpp; path = ../shared/polypartition_module.cpp; sourceTree = SOURCE_ROOT; };
		AA00000000000000000000AA /* earcut_module.cpp */ = {isa = PBXFileReference; lastKnownFileType = sourcecode.cpp.cpp; name = earcut_module.cpp; path = ../shared/earcut_module.cpp; sourceTree = SOURCE_ROOT; };
		AA00000000000000000000AB /* mesh_module.cpp */ = {isa = PBXFileReference; lastKnownFileType = sourcecode.cpp.cpp; name = mesh_module.cpp; path = ../shared/mesh_module.cpp; sourceTree = SOURCE_ROOT; };
		AA00000000000000000000AC /* bezier_path.cpp */ = {isa = PBXFileReference; lastKnownFileType = sourcecode.cpp.cpp; name = bezier_path.cpp; path = ../shared/bezier_path.cpp; sourceTree = SOURCE_ROOT; };
		AA00000000000000000000AD /* retained_shape.cpp */ = {isa = PBXFileReference; lastKnownFileType = sourcecode.cpp.cpp; name = retained_shape.cpp; path = ../shared/retained_shape.cpp; sourceTree = SOURCE_ROOT; };
		AA1111111111111111111111 /* clipper2_bridge.cpp */ = {isa = PBXFileReference; lastKnownFileType = sourcecode.cpp.cpp; name = clipper2_bridge.cpp; path = ../shared/clipper2_bridge.cpp; sourceTree = SOURCE_ROOT; };
		AA1111111111111111111112 /* clipper2_module.cpp */ = {isa = PBXFileReference; lastKnownFileType = sourcecode.cpp.cpp; name = clipper2_module.cpp; path = ../shared/clipper2_module.cpp; sourceTree = SOURCE_ROOT; };
		AA1111111111111111111113 /* clipper.engine.cpp */ = {isa = PBXFileReference; lastKnownFileType = sourcecode.cpp.cpp; name = clipper.engine.cpp; path = ../../third_party/clipper2/CPP/Clipper2Lib/src/clipper.engine.cpp; sourceTree = SOURCE_ROOT; };
		AA1111111111111111111114 /* clipper.offset.cpp */ = {isa = PBXFileReference; lastKnownFileType = sourcecode.cpp.cpp; name = clipper.offset.cpp; path = ../../third_party/clipper2/CPP/Clipper2Lib/src/clipper.offset.cpp; sourceTree = SOURCE_ROOT; };
		AA1111111111111111111115 /* clipper.rectclip.cpp */ = {isa = PBXFileReference; lastKnownFileType = sourcecode.cpp.cpp; name = clipper.rectclip.cpp; path = ../../third_party/clipper2/CPP/Clipper2Lib/src/clipper.rectclip.cpp; sourceTree = SOURCE_ROOT; };
		AA1111111111111111111116 /* ribbon_builder.cpp */ = {isa = PBXFileReference; lastKnownFileType = sourcecode.cpp.cpp; name = ribbon_builder.cpp; path = ../shared/ribbon_builder.cpp; sourceTree = SOURCE_ROOT; };
		AA1111111111111111111117 /* ribbon_module.cpp */ = {isa = PBXFileReference; lastKnownFileType = sourcecode.cpp.cpp; name = ribbon_module.cpp; path = ../shared/ribbon_module.cpp; sourceTree = SOURCE_ROOT; };
		AA00000000000000000000A0 /* libplugin_geometry2d.a */ = {isa = PBXFileReference; explicitFileType = archive.ar; includeInIndex = 0; path = libplugin_geometry2d.a; sourceTree = BUILT_PRODUCTS_DIR; };
/* End PBXFileReference section */

/* Begin PBXFrameworksBuildPhase section */
		AA00000000000000000000F0 /* Frameworks */ = {
			isa = PBXFrameworksBuildPhase;
			buildActionMask = 2147483647;
			files = (
			);
			runOnlyForDeploymentPostprocessing = 0;
		};
/* End PBXFrameworksBuildPhase section */

/* Begin PBXGroup section */
		AA00000000000000000000C1 /* shared */ = {
			isa = PBXGroup;
			children = (
				AA00000000000000000000A1 /* plugin_geometry2d.cpp */,
				AA00000000000000000000A2 /* polypartition.cpp */,
				AA00000000000000000000A4 /* fringe.cpp */,
				AA00000000000000000000A5 /* geometry2d_lua.cpp */,
				AA00000000000000000000A6 /* corona_buffer.cpp */,
				AA00000000000000000000A7 /* mesh_result.cpp */,
				AA00000000000000000000A8 /* mesh_builder.cpp */,
				AA00000000000000000000A9 /* polypartition_module.cpp */,
				AA00000000000000000000AA /* earcut_module.cpp */,
				AA00000000000000000000AB /* mesh_module.cpp */,
				AA00000000000000000000AC /* bezier_path.cpp */,
				AA00000000000000000000AD /* retained_shape.cpp */,
				AA1111111111111111111111 /* clipper2_bridge.cpp */,
				AA1111111111111111111112 /* clipper2_module.cpp */,
				AA1111111111111111111113 /* clipper.engine.cpp */,
				AA1111111111111111111114 /* clipper.offset.cpp */,
				AA1111111111111111111115 /* clipper.rectclip.cpp */,
				AA1111111111111111111116 /* ribbon_builder.cpp */,
				AA1111111111111111111117 /* ribbon_module.cpp */,
			);
			name = shared;
			sourceTree = "<group>";
		};
		AA00000000000000000000C0 /* mainGroup */ = {
			isa = PBXGroup;
			children = (
				AA00000000000000000000C1 /* shared */,
				AA00000000000000000000CF /* Products */,
			);
			sourceTree = "<group>";
		};
		AA00000000000000000000CF /* Products */ = {
			isa = PBXGroup;
			children = (
				AA00000000000000000000A0 /* libplugin_geometry2d.a */,
			);
			name = Products;
			sourceTree = "<group>";
		};
/* End PBXGroup section */

/* Begin PBXNativeTarget section */
		AA00000000000000000000D0 /* plugin_geometry2d */ = {
			isa = PBXNativeTarget;
			buildConfigurationList = AA00000000000000000000EB /* Build configuration list for PBXNativeTarget "plugin_geometry2d" */;
			buildPhases = (
				AA00000000000000000000E0 /* Sources */,
				AA00000000000000000000F0 /* Frameworks */,
			);
			buildRules = (
			);
			dependencies = (
			);
			name = plugin_geometry2d;
			productName = plugin_geometry2d;
			productReference = AA00000000000000000000A0 /* libplugin_geometry2d.a */;
			productType = "com.apple.product-type.library.static";
		};
/* End PBXNativeTarget section */

/* Begin PBXProject section */
		AA00000000000000000000DF /* Project object */ = {
			isa = PBXProject;
			attributes = {
				LastUpgradeCheck = 0940;
			};
			buildConfigurationList = AA00000000000000000000EA /* Build configuration list for PBXProject "Plugin" */;
			compatibilityVersion = "Xcode 3.2";
			developmentRegion = English;
			hasScannedForEncodings = 0;
			knownRegions = (
				English,
				en,
				Base,
			);
			mainGroup = AA00000000000000000000C0 /* mainGroup */;
			productRefGroup = AA00000000000000000000CF /* Products */;
			projectDirPath = "";
			projectRoot = "";
			targets = (
				AA00000000000000000000D0 /* plugin_geometry2d */,
			);
		};
/* End PBXProject section */

/* Begin PBXSourcesBuildPhase section */
		AA00000000000000000000E0 /* Sources */ = {
			isa = PBXSourcesBuildPhase;
			buildActionMask = 2147483647;
			files = (
				AA00000000000000000000B1 /* plugin_geometry2d.cpp in Sources */,
				AA00000000000000000000B2 /* polypartition.cpp in Sources */,
				AA00000000000000000000B4 /* fringe.cpp in Sources */,
				AA00000000000000000000B5 /* geometry2d_lua.cpp in Sources */,
				AA00000000000000000000B6 /* corona_buffer.cpp in Sources */,
				AA00000000000000000000B7 /* mesh_result.cpp in Sources */,
				AA00000000000000000000B8 /* mesh_builder.cpp in Sources */,
				AA00000000000000000000B9 /* polypartition_module.cpp in Sources */,
				AA00000000000000000000BA /* earcut_module.cpp in Sources */,
				AA00000000000000000000BB /* mesh_module.cpp in Sources */,
				AA00000000000000000000BC /* bezier_path.cpp in Sources */,
				AA00000000000000000000BD /* retained_shape.cpp in Sources */,
				AA1111111111111111111101 /* clipper2_bridge.cpp in Sources */,
				AA1111111111111111111102 /* clipper2_module.cpp in Sources */,
				AA1111111111111111111103 /* clipper.engine.cpp in Sources */,
				AA1111111111111111111104 /* clipper.offset.cpp in Sources */,
				AA1111111111111111111105 /* clipper.rectclip.cpp in Sources */,
				AA1111111111111111111106 /* ribbon_builder.cpp in Sources */,
				AA1111111111111111111107 /* ribbon_module.cpp in Sources */,
			);
			runOnlyForDeploymentPostprocessing = 0;
		};
/* End PBXSourcesBuildPhase section */

/* Begin XCBuildConfiguration section */
		AA00000000000000000000EC /* Debug */ = {
			isa = XCBuildConfiguration;
			buildSettings = {
				ALWAYS_SEARCH_USER_PATHS = NO;
				ARCHS = "$(ARCHS_STANDARD)";
				CLANG_CXX_LANGUAGE_STANDARD = "c++17";
				CLANG_CXX_LIBRARY = "libc++";
				CODE_SIGNING_REQUIRED = NO;
				"CODE_SIGN_IDENTITY[sdk=iphoneos*]" = "";
				COPY_PHASE_STRIP = NO;
				ENABLE_BITCODE = NO;
				GCC_C_LANGUAGE_STANDARD = gnu99;
				GCC_DYNAMIC_NO_PIC = NO;
				GCC_OPTIMIZATION_LEVEL = 0;
				GCC_PREPROCESSOR_DEFINITIONS = (
					"DEBUG=1",
					"$(inherited)",
				);
				IPHONEOS_DEPLOYMENT_TARGET = 12.0;
				ONLY_ACTIVE_ARCH = YES;
				SDKROOT = iphoneos;
				TARGETED_DEVICE_FAMILY = "1,2";
			};
			name = Debug;
		};
		AA00000000000000000000ED /* Release */ = {
			isa = XCBuildConfiguration;
			buildSettings = {
				ALWAYS_SEARCH_USER_PATHS = NO;
				ARCHS = "$(ARCHS_STANDARD)";
				CLANG_CXX_LANGUAGE_STANDARD = "c++17";
				CLANG_CXX_LIBRARY = "libc++";
				CODE_SIGNING_REQUIRED = NO;
				"CODE_SIGN_IDENTITY[sdk=iphoneos*]" = "";
				COPY_PHASE_STRIP = YES;
				ENABLE_BITCODE = NO;
				GCC_C_LANGUAGE_STANDARD = gnu99;
				IPHONEOS_DEPLOYMENT_TARGET = 12.0;
				ONLY_ACTIVE_ARCH = NO;
				SDKROOT = iphoneos;
				TARGETED_DEVICE_FAMILY = "1,2";
				VALIDATE_PRODUCT = YES;
			};
			name = Release;
		};
		AA00000000000000000000EE /* Debug */ = {
			isa = XCBuildConfiguration;
			buildSettings = {
				EXECUTABLE_PREFIX = lib;
				HEADER_SEARCH_PATHS = (
					"${SRCROOT}/Native/Corona/shared/include/Corona",
					"${SRCROOT}/Native/Corona/shared/include/lua",
					"${SRCROOT}/../../third_party/polypartition/src",
					"${SRCROOT}/../../third_party/earcut/include",
					"${SRCROOT}/../../third_party/clipper2/CPP/Clipper2Lib/include",
				);
				PRODUCT_NAME = plugin_geometry2d;
				GCC_PREPROCESSOR_DEFINITIONS = (
					"$(inherited)",
				);
				SKIP_INSTALL = YES;
				USER_HEADER_SEARCH_PATHS = "${SRCROOT}/Native/Corona/shared/include/Corona ${SRCROOT}/Native/Corona/shared/include/lua";
			};
			name = Debug;
		};
		AA00000000000000000000EF /* Release */ = {
			isa = XCBuildConfiguration;
			buildSettings = {
				EXECUTABLE_PREFIX = lib;
				HEADER_SEARCH_PATHS = (
					"${SRCROOT}/Native/Corona/shared/include/Corona",
					"${SRCROOT}/Native/Corona/shared/include/lua",
					"${SRCROOT}/../../third_party/polypartition/src",
					"${SRCROOT}/../../third_party/earcut/include",
					"${SRCROOT}/../../third_party/clipper2/CPP/Clipper2Lib/include",
				);
				PRODUCT_NAME = plugin_geometry2d;
				GCC_PREPROCESSOR_DEFINITIONS = (
					"$(inherited)",
				);
				SKIP_INSTALL = YES;
				USER_HEADER_SEARCH_PATHS = "${SRCROOT}/Native/Corona/shared/include/Corona ${SRCROOT}/Native/Corona/shared/include/lua";
			};
			name = Release;
		};
/* End XCBuildConfiguration section */

/* Begin XCConfigurationList section */
		AA00000000000000000000EA /* Build configuration list for PBXProject "Plugin" */ = {
			isa = XCConfigurationList;
			buildConfigurations = (
				AA00000000000000000000EC /* Debug */,
				AA00000000000000000000ED /* Release */,
			);
			defaultConfigurationIsVisible = 0;
			defaultConfigurationName = Release;
		};
		AA00000000000000000000EB /* Build configuration list for PBXNativeTarget "plugin_geometry2d" */ = {
			isa = XCConfigurationList;
			buildConfigurations = (
				AA00000000000000000000EE /* Debug */,
				AA00000000000000000000EF /* Release */,
			);
			defaultConfigurationIsVisible = 0;
			defaultConfigurationName = Release;
		};
/* End XCConfigurationList section */
	};
	rootObject = AA00000000000000000000DF /* Project object */;
}
